// !$*UTF8*$!
{
	archiveVersion = 1;
	classes = {
	};
	objectVersion = 56;
	objects = {

/* Begin PBXBuildFile section */
		A1619C542C24C5A0006B51AC /* AlgorithmMonitorApp.swift in Sources */ = {isa = PBXBuildFile; fileRef = A1619C532C24C5A0006B51AC /* AlgorithmMonitorApp.swift */; };
		A1619C562C24C5A0006B51AC /* ContentView.swift in Sources */ = {isa = PBXBuildFile; fileRef = A1619C552C24C5A0006B51AC /* ContentView.swift */; };
		A1619C582C24C5A2006B51AC /* Assets.xcassets in Resources */ = {isa = PBXBuildFile; fileRef = A1619C572C24C5A2006B51AC /* Assets.xcassets */; };
		A1619C5B2C24C5A2006B51AC /* Preview Assets.xcassets in Resources */ = {isa = PBXBuildFile; fileRef = A1619C5A2C24C5A2006B51AC /* Preview Assets.xcassets */; };
		A1619C652C24C5A2006B51AC /* AlgorithmMonitorTests.swift in Sources */ = {isa = PBXBuildFile; fileRef = A1619C642C24C5A2006B51AC /* AlgorithmMonitorTests.swift */; };
		A1619C6F2C24C5A2006B51AC /* AlgorithmMonitorUITests.swift in Sources */ = {isa = PBXBuildFile; fileRef = A1619C6E2C24C5A2006B51AC /* AlgorithmMonitorUITests.swift */; };
		A1619C712C24C5A2006B51AC /* AlgorithmMonitorUITestsLaunchTests.swift in Sources */ = {isa = PBXBuildFile; fileRef = A1619C702C24C5A2006B51AC /* AlgorithmMonitorUITestsLaunchTests.swift */; };
		A1619C802C24C729006B51AC /* SortView.swift in Sources */ = {isa = PBXBuildFile; fileRef = A1619C7F2C24C729006B51AC /* SortView.swift */; };
		A1619C822C24CB48006B51AC /* FlowLayout.swift in Sources */ = {isa = PBXBuildFile; fileRef = A1619C812C24CB48006B51AC /* FlowLayout.swift */; };
		A1619C882C252926006B51AC /* Rows.swift in Sources */ = {isa = PBXBuildFile; fileRef = A1619C872C252926006B51AC /* Rows.swift */; };
		A1619C8A2C252A8D006B51AC /* Buttons.swift in Sources */ = {isa = PBXBuildFile; fileRef = A1619C892C252A8D006B51AC /* Buttons.swift */; };
		A1619C912C2538E4006B51AC /* SortSettingsView.swift in Sources */ = {isa = PBXBuildFile; fileRef = A1619C902C2538E4006B51AC /* SortSettingsView.swift */; };
		A1619C952C2567F0006B51AC /* Sortable.swift in Sources */ = {isa = PBXBuildFile; fileRef = A1619C942C2567F0006B51AC /* Sortable.swift */; };
		A1C10F332C261500004FE3F3 /* SortViewModel.swift in Sources */ = {isa = PBXBuildFile; fileRef = A1C10F322C261500004FE3F3 /* SortViewModel.swift */; };
		A1D311CA2C28F70C00D8F7C9 /* SortChartTabView.swift in Sources */ = {isa = PBXBuildFile; fileRef = A1D311C92C28F70C00D8F7C9 /* SortChartTabView.swift */; };
		A1D311CC2C2924BE00D8F7C9 /* InsertionSort.swift in Sources */ = {isa = PBXBuildFile; fileRef = A1D311CB2C2924BE00D8F7C9 /* InsertionSort.swift */; };
		A1D311CF2C293B7C00D8F7C9 /* BubbleSort.swift in Sources */ = {isa = PBXBuildFile; fileRef = A1D311CE2C293B7C00D8F7C9 /* BubbleSort.swift */; };
		A1D311D52C293E4B00D8F7C9 /* SelectionSort.swift in Sources */ = {isa = PBXBuildFile; fileRef = A1D311D42C293E4B00D8F7C9 /* SelectionSort.swift */; };
		A1D311D82C29711100D8F7C9 /* SettingsRepository.swift in Sources */ = {isa = PBXBuildFile; fileRef = A1D311D72C29711100D8F7C9 /* SettingsRepository.swift */; };
		A1D311DB2C29E2B300D8F7C9 /* SearchViewModel.swift in Sources */ = {isa = PBXBuildFile; fileRef = A1D311DA2C29E2B300D8F7C9 /* SearchViewModel.swift */; };
		A1D311DD2C29E2CC00D8F7C9 /* SearchView.swift in Sources */ = {isa = PBXBuildFile; fileRef = A1D311DC2C29E2CC00D8F7C9 /* SearchView.swift */; };
		A1D311DF2C29E31C00D8F7C9 /* SearchHelper.swift in Sources */ = {isa = PBXBuildFile; fileRef = A1D311DE2C29E31C00D8F7C9 /* SearchHelper.swift */; };
		A1D311E12C29E33B00D8F7C9 /* LinearSearch.swift in Sources */ = {isa = PBXBuildFile; fileRef = A1D311E02C29E33B00D8F7C9 /* LinearSearch.swift */; };
		A1D311E32C29E38F00D8F7C9 /* BinarySearch.swift in Sources */ = {isa = PBXBuildFile; fileRef = A1D311E22C29E38F00D8F7C9 /* BinarySearch.swift */; };
		A1D311E62C29EBA000D8F7C9 /* SearchChartTabView.swift in Sources */ = {isa = PBXBuildFile; fileRef = A1D311E52C29EBA000D8F7C9 /* SearchChartTabView.swift */; };
		A1D311EA2C2A4F1D00D8F7C9 /* SearchSettingsView.swift in Sources */ = {isa = PBXBuildFile; fileRef = A1D311E92C2A4F1D00D8F7C9 /* SearchSettingsView.swift */; };
		A1D311EC2C2ABF0F00D8F7C9 /* SearchUpdate.swift in Sources */ = {isa = PBXBuildFile; fileRef = A1D311EB2C2ABF0F00D8F7C9 /* SearchUpdate.swift */; };
		A1D311EE2C2ABF5C00D8F7C9 /* Searchable copy.swift in Sources */ = {isa = PBXBuildFile; fileRef = A1D311ED2C2ABF5C00D8F7C9 /* Searchable copy.swift */; };
		A1D311F02C2AC00800D8F7C9 /* SortUpdate.swift in Sources */ = {isa = PBXBuildFile; fileRef = A1D311EF2C2AC00800D8F7C9 /* SortUpdate.swift */; };
		A1D311F22C2AC00A00D8F7C9 /* SortHelpler.swift in Sources */ = {isa = PBXBuildFile; fileRef = A1D311F12C2AC00A00D8F7C9 /* SortHelpler.swift */; };
		A1D311F42C2B2A3000D8F7C9 /* QuickSort.swift in Sources */ = {isa = PBXBuildFile; fileRef = A1D311F32C2B2A3000D8F7C9 /* QuickSort.swift */; };
/* End PBXBuildFile section */

/* Begin PBXContainerItemProxy section */
		A1619C612C24C5A2006B51AC /* PBXContainerItemProxy */ = {
			isa = PBXContainerItemProxy;
			containerPortal = A1619C482C24C5A0006B51AC /* Project object */;
			proxyType = 1;
			remoteGlobalIDString = A1619C4F2C24C5A0006B51AC;
			remoteInfo = AlgorithmMonitor;
		};
		A1619C6B2C24C5A2006B51AC /* PBXContainerItemProxy */ = {
			isa = PBXContainerItemProxy;
			containerPortal = A1619C482C24C5A0006B51AC /* Project object */;
			proxyType = 1;
			remoteGlobalIDString = A1619C4F2C24C5A0006B51AC;
			remoteInfo = AlgorithmMonitor;
		};
/* End PBXContainerItemProxy section */

/* Begin PBXFileReference section */
		A1619C502C24C5A0006B51AC /* AlgorithmMonitor.app */ = {isa = PBXFileReference; explicitFileType = wrapper.application; includeInIndex = 0; path = AlgorithmMonitor.app; sourceTree = BUILT_PRODUCTS_DIR; };
		A1619C532C24C5A0006B51AC /* AlgorithmMonitorApp.swift */ = {isa = PBXFileReference; lastKnownFileType = sourcecode.swift; path = AlgorithmMonitorApp.swift; sourceTree = "<group>"; };
		A1619C552C24C5A0006B51AC /* ContentView.swift */ = {isa = PBXFileReference; lastKnownFileType = sourcecode.swift; path = ContentView.swift; sourceTree = "<group>"; };
		A1619C572C24C5A2006B51AC /* Assets.xcassets */ = {isa = PBXFileReference; lastKnownFileType = folder.assetcatalog; path = Assets.xcassets; sourceTree = "<group>"; };
		A1619C5A2C24C5A2006B51AC /* Preview Assets.xcassets */ = {isa = PBXFileReference; lastKnownFileType = folder.assetcatalog; path = "Preview Assets.xcassets"; sourceTree = "<group>"; };
		A1619C602C24C5A2006B51AC /* AlgorithmMonitorTests.xctest */ = {isa = PBXFileReference; explicitFileType = wrapper.cfbundle; includeInIndex = 0; path = AlgorithmMonitorTests.xctest; sourceTree = BUILT_PRODUCTS_DIR; };
		A1619C642C24C5A2006B51AC /* AlgorithmMonitorTests.swift */ = {isa = PBXFileReference; lastKnownFileType = sourcecode.swift; path = AlgorithmMonitorTests.swift; sourceTree = "<group>"; };
		A1619C6A2C24C5A2006B51AC /* AlgorithmMonitorUITests.xctest */ = {isa = PBXFileReference; explicitFileType = wrapper.cfbundle; includeInIndex = 0; path = AlgorithmMonitorUITests.xctest; sourceTree = BUILT_PRODUCTS_DIR; };
		A1619C6E2C24C5A2006B51AC /* AlgorithmMonitorUITests.swift */ = {isa = PBXFileReference; lastKnownFileType = sourcecode.swift; path = AlgorithmMonitorUITests.swift; sourceTree = "<group>"; };
		A1619C702C24C5A2006B51AC /* AlgorithmMonitorUITestsLaunchTests.swift */ = {isa = PBXFileReference; lastKnownFileType = sourcecode.swift; path = AlgorithmMonitorUITestsLaunchTests.swift; sourceTree = "<group>"; };
		A1619C7F2C24C729006B51AC /* SortView.swift */ = {isa = PBXFileReference; lastKnownFileType = sourcecode.swift; path = SortView.swift; sourceTree = "<group>"; };
		A1619C812C24CB48006B51AC /* FlowLayout.swift */ = {isa = PBXFileReference; lastKnownFileType = sourcecode.swift; path = FlowLayout.swift; sourceTree = "<group>"; };
		A1619C872C252926006B51AC /* Rows.swift */ = {isa = PBXFileReference; lastKnownFileType = sourcecode.swift; path = Rows.swift; sourceTree = "<group>"; };
		A1619C892C252A8D006B51AC /* Buttons.swift */ = {isa = PBXFileReference; lastKnownFileType = sourcecode.swift; path = Buttons.swift; sourceTree = "<group>"; };
		A1619C902C2538E4006B51AC /* SortSettingsView.swift */ = {isa = PBXFileReference; lastKnownFileType = sourcecode.swift; path = SortSettingsView.swift; sourceTree = "<group>"; };
		A1619C942C2567F0006B51AC /* Sortable.swift */ = {isa = PBXFileReference; lastKnownFileType = sourcecode.swift; path = Sortable.swift; sourceTree = "<group>"; };
		A1C10F322C261500004FE3F3 /* SortViewModel.swift */ = {isa = PBXFileReference; lastKnownFileType = sourcecode.swift; path = SortViewModel.swift; sourceTree = "<group>"; };
		A1D311C92C28F70C00D8F7C9 /* SortChartTabView.swift */ = {isa = PBXFileReference; lastKnownFileType = sourcecode.swift; path = SortChartTabView.swift; sourceTree = "<group>"; };
		A1D311CB2C2924BE00D8F7C9 /* InsertionSort.swift */ = {isa = PBXFileReference; lastKnownFileType = sourcecode.swift; path = InsertionSort.swift; sourceTree = "<group>"; };
		A1D311CE2C293B7C00D8F7C9 /* BubbleSort.swift */ = {isa = PBXFileReference; lastKnownFileType = sourcecode.swift; path = BubbleSort.swift; sourceTree = "<group>"; };
		A1D311D42C293E4B00D8F7C9 /* SelectionSort.swift */ = {isa = PBXFileReference; lastKnownFileType = sourcecode.swift; path = SelectionSort.swift; sourceTree = "<group>"; };
		A1D311D72C29711100D8F7C9 /* SettingsRepository.swift */ = {isa = PBXFileReference; lastKnownFileType = sourcecode.swift; path = SettingsRepository.swift; sourceTree = "<group>"; };
		A1D311DA2C29E2B300D8F7C9 /* SearchViewModel.swift */ = {isa = PBXFileReference; lastKnownFileType = sourcecode.swift; path = SearchViewModel.swift; sourceTree = "<group>"; };
		A1D311DC2C29E2CC00D8F7C9 /* SearchView.swift */ = {isa = PBXFileReference; lastKnownFileType = sourcecode.swift; path = SearchView.swift; sourceTree = "<group>"; };
		A1D311DE2C29E31C00D8F7C9 /* SearchHelper.swift */ = {isa = PBXFileReference; lastKnownFileType = sourcecode.swift; path = SearchHelper.swift; sourceTree = "<group>"; };
		A1D311E02C29E33B00D8F7C9 /* LinearSearch.swift */ = {isa = PBXFileReference; lastKnownFileType = sourcecode.swift; path = LinearSearch.swift; sourceTree = "<group>"; };
		A1D311E22C29E38F00D8F7C9 /* BinarySearch.swift */ = {isa = PBXFileReference; lastKnownFileType = sourcecode.swift; path = BinarySearch.swift; sourceTree = "<group>"; };
		A1D311E52C29EBA000D8F7C9 /* SearchChartTabView.swift */ = {isa = PBXFileReference; lastKnownFileType = sourcecode.swift; path = SearchChartTabView.swift; sourceTree = "<group>"; };
		A1D311E92C2A4F1D00D8F7C9 /* SearchSettingsView.swift */ = {isa = PBXFileReference; lastKnownFileType = sourcecode.swift; path = SearchSettingsView.swift; sourceTree = "<group>"; };
		A1D311EB2C2ABF0F00D8F7C9 /* SearchUpdate.swift */ = {isa = PBXFileReference; lastKnownFileType = sourcecode.swift; path = SearchUpdate.swift; sourceTree = "<group>"; };
		A1D311ED2C2ABF5C00D8F7C9 /* Searchable copy.swift */ = {isa = PBXFileReference; lastKnownFileType = sourcecode.swift; path = "Searchable copy.swift"; sourceTree = "<group>"; };
		A1D311EF2C2AC00800D8F7C9 /* SortUpdate.swift */ = {isa = PBXFileReference; lastKnownFileType = sourcecode.swift; path = SortUpdate.swift; sourceTree = "<group>"; };
		A1D311F12C2AC00A00D8F7C9 /* SortHelpler.swift */ = {isa = PBXFileReference; lastKnownFileType = sourcecode.swift; path = SortHelpler.swift; sourceTree = "<group>"; };
		A1D311F32C2B2A3000D8F7C9 /* QuickSort.swift */ = {isa = PBXFileReference; lastKnownFileType = sourcecode.swift; path = QuickSort.swift; sourceTree = "<group>"; };
/* End PBXFileReference section */

/* Begin PBXFrameworksBuildPhase section */
		A1619C4D2C24C5A0006B51AC /* Frameworks */ = {
			isa = PBXFrameworksBuildPhase;
			buildActionMask = 2147483647;
			files = (
			);
			runOnlyForDeploymentPostprocessing = 0;
		};
		A1619C5D2C24C5A2006B51AC /* Frameworks */ = {
			isa = PBXFrameworksBuildPhase;
			buildActionMask = 2147483647;
			files = (
			);
			runOnlyForDeploymentPostprocessing = 0;
		};
		A1619C672C24C5A2006B51AC /* Frameworks */ = {
			isa = PBXFrameworksBuildPhase;
			buildActionMask = 2147483647;
			files = (
			);
			runOnlyForDeploymentPostprocessing = 0;
		};
/* End PBXFrameworksBuildPhase section */

/* Begin PBXGroup section */
		A1619C472C24C5A0006B51AC = {
			isa = PBXGroup;
			children = (
				A1619C522C24C5A0006B51AC /* AlgorithmMonitor */,
				A1619C632C24C5A2006B51AC /* AlgorithmMonitorTests */,
				A1619C6D2C24C5A2006B51AC /* AlgorithmMonitorUITests */,
				A1619C512C24C5A0006B51AC /* Products */,
			);
			sourceTree = "<group>";
		};
		A1619C512C24C5A0006B51AC /* Products */ = {
			isa = PBXGroup;
			children = (
				A1619C502C24C5A0006B51AC /* AlgorithmMonitor.app */,
				A1619C602C24C5A2006B51AC /* AlgorithmMonitorTests.xctest */,
				A1619C6A2C24C5A2006B51AC /* AlgorithmMonitorUITests.xctest */,
			);
			name = Products;
			sourceTree = "<group>";
		};
		A1619C522C24C5A0006B51AC /* AlgorithmMonitor */ = {
			isa = PBXGroup;
			children = (
				A1619C532C24C5A0006B51AC /* AlgorithmMonitorApp.swift */,
				A1D311D62C29710600D8F7C9 /* Repositories */,
				A1619C8B2C2536F4006B51AC /* Algorithms */,
				A1619C832C250827006B51AC /* Pages */,
				A1619C862C25290D006B51AC /* Components */,
				A1D311D32C293C4B00D8F7C9 /* Layouts */,
				A1619C572C24C5A2006B51AC /* Assets.xcassets */,
				A1619C592C24C5A2006B51AC /* Preview Content */,
			);
			path = AlgorithmMonitor;
			sourceTree = "<group>";
		};
		A1619C592C24C5A2006B51AC /* Preview Content */ = {
			isa = PBXGroup;
			children = (
				A1619C5A2C24C5A2006B51AC /* Preview Assets.xcassets */,
			);
			path = "Preview Content";
			sourceTree = "<group>";
		};
		A1619C632C24C5A2006B51AC /* AlgorithmMonitorTests */ = {
			isa = PBXGroup;
			children = (
				A1619C642C24C5A2006B51AC /* AlgorithmMonitorTests.swift */,
			);
			path = AlgorithmMonitorTests;
			sourceTree = "<group>";
		};
		A1619C6D2C24C5A2006B51AC /* AlgorithmMonitorUITests */ = {
			isa = PBXGroup;
			children = (
				A1619C6E2C24C5A2006B51AC /* AlgorithmMonitorUITests.swift */,
				A1619C702C24C5A2006B51AC /* AlgorithmMonitorUITestsLaunchTests.swift */,
			);
			path = AlgorithmMonitorUITests;
			sourceTree = "<group>";
		};
		A1619C832C250827006B51AC /* Pages */ = {
			isa = PBXGroup;
			children = (
				A1619C552C24C5A0006B51AC /* ContentView.swift */,
				A1D311D92C29E2A900D8F7C9 /* Search */,
				A1D311D12C293C1600D8F7C9 /* Sort */,
			);
			path = Pages;
			sourceTree = "<group>";
		};
		A1619C862C25290D006B51AC /* Components */ = {
			isa = PBXGroup;
			children = (
				A1619C892C252A8D006B51AC /* Buttons.swift */,
				A1619C872C252926006B51AC /* Rows.swift */,
			);
			path = Components;
			sourceTree = "<group>";
		};
		A1619C8B2C2536F4006B51AC /* Algorithms */ = {
			isa = PBXGroup;
			children = (
				A1D311E42C29E46200D8F7C9 /* Search */,
				A1D311CD2C293B6A00D8F7C9 /* Sorts */,
			);
			path = Algorithms;
			sourceTree = "<group>";
		};
		A1D311CD2C293B6A00D8F7C9 /* Sorts */ = {
			isa = PBXGroup;
			children = (
				A1619C942C2567F0006B51AC /* Sortable.swift */,
				A1D311EF2C2AC00800D8F7C9 /* SortUpdate.swift */,
				A1D311F12C2AC00A00D8F7C9 /* SortHelpler.swift */,
				A1D311CE2C293B7C00D8F7C9 /* BubbleSort.swift */,
				A1D311D42C293E4B00D8F7C9 /* SelectionSort.swift */,
				A1D311CB2C2924BE00D8F7C9 /* InsertionSort.swift */,
				A1D311F32C2B2A3000D8F7C9 /* QuickSort.swift */,
			);
			path = Sorts;
			sourceTree = "<group>";
		};
		A1D311D02C293C0500D8F7C9 /* Views */ = {
			isa = PBXGroup;
			children = (
				A1619C7F2C24C729006B51AC /* SortView.swift */,
				A1619C902C2538E4006B51AC /* SortSettingsView.swift */,
				A1D311C92C28F70C00D8F7C9 /* SortChartTabView.swift */,
			);
			path = Views;
			sourceTree = "<group>";
		};
		A1D311D12C293C1600D8F7C9 /* Sort */ = {
			isa = PBXGroup;
			children = (
				A1D311D22C293C3800D8F7C9 /* ViewModel */,
				A1D311D02C293C0500D8F7C9 /* Views */,
			);
			path = Sort;
			sourceTree = "<group>";
		};
		A1D311D22C293C3800D8F7C9 /* ViewModel */ = {
			isa = PBXGroup;
			children = (
				A1C10F322C261500004FE3F3 /* SortViewModel.swift */,
			);
			path = ViewModel;
			sourceTree = "<group>";
		};
		A1D311D32C293C4B00D8F7C9 /* Layouts */ = {
			isa = PBXGroup;
			children = (
				A1619C812C24CB48006B51AC /* FlowLayout.swift */,
			);
			path = Layouts;
			sourceTree = "<group>";
		};
		A1D311D62C29710600D8F7C9 /* Repositories */ = {
			isa = PBXGroup;
			children = (
				A1D311D72C29711100D8F7C9 /* SettingsRepository.swift */,
			);
			path = Repositories;
			sourceTree = "<group>";
		};
		A1D311D92C29E2A900D8F7C9 /* Search */ = {
			isa = PBXGroup;
			children = (
				A1D311E72C2A4EFF00D8F7C9 /* ViewModel */,
				A1D311E82C2A4F0800D8F7C9 /* Views */,
			);
			path = Search;
			sourceTree = "<group>";
		};
		A1D311E42C29E46200D8F7C9 /* Search */ = {
			isa = PBXGroup;
			children = (
				A1D311EB2C2ABF0F00D8F7C9 /* SearchUpdate.swift */,
				A1D311ED2C2ABF5C00D8F7C9 /* Searchable copy.swift */,
				A1D311DE2C29E31C00D8F7C9 /* SearchHelper.swift */,
				A1D311E02C29E33B00D8F7C9 /* LinearSearch.swift */,
				A1D311E22C29E38F00D8F7C9 /* BinarySearch.swift */,
			);
			path = Search;
			sourceTree = "<group>";
		};
		A1D311E72C2A4EFF00D8F7C9 /* ViewModel */ = {
			isa = PBXGroup;
			children = (
				A1D311DA2C29E2B300D8F7C9 /* SearchViewModel.swift */,
			);
			path = ViewModel;
			sourceTree = "<group>";
		};
		A1D311E82C2A4F0800D8F7C9 /* Views */ = {
			isa = PBXGroup;
			children = (
				A1D311DC2C29E2CC00D8F7C9 /* SearchView.swift */,
				A1D311E52C29EBA000D8F7C9 /* SearchChartTabView.swift */,
				A1D311E92C2A4F1D00D8F7C9 /* SearchSettingsView.swift */,
			);
			path = Views;
			sourceTree = "<group>";
		};
/* End PBXGroup section */

/* Begin PBXNativeTarget section */
		A1619C4F2C24C5A0006B51AC /* AlgorithmMonitor */ = {
			isa = PBXNativeTarget;
			buildConfigurationList = A1619C742C24C5A2006B51AC /* Build configuration list for PBXNativeTarget "AlgorithmMonitor" */;
			buildPhases = (
				A1619C4C2C24C5A0006B51AC /* Sources */,
				A1619C4D2C24C5A0006B51AC /* Frameworks */,
				A1619C4E2C24C5A0006B51AC /* Resources */,
			);
			buildRules = (
			);
			dependencies = (
			);
			name = AlgorithmMonitor;
			productName = AlgorithmMonitor;
			productReference = A1619C502C24C5A0006B51AC /* AlgorithmMonitor.app */;
			productType = "com.apple.product-type.application";
		};
		A1619C5F2C24C5A2006B51AC /* AlgorithmMonitorTests */ = {
			isa = PBXNativeTarget;
			buildConfigurationList = A1619C772C24C5A2006B51AC /* Build configuration list for PBXNativeTarget "AlgorithmMonitorTests" */;
			buildPhases = (
				A1619C5C2C24C5A2006B51AC /* Sources */,
				A1619C5D2C24C5A2006B51AC /* Frameworks */,
				A1619C5E2C24C5A2006B51AC /* Resources */,
			);
			buildRules = (
			);
			dependencies = (
				A1619C622C24C5A2006B51AC /* PBXTargetDependency */,
			);
			name = AlgorithmMonitorTests;
			productName = AlgorithmMonitorTests;
			productReference = A1619C602C24C5A2006B51AC /* AlgorithmMonitorTests.xctest */;
			productType = "com.apple.product-type.bundle.unit-test";
		};
		A1619C692C24C5A2006B51AC /* AlgorithmMonitorUITests */ = {
			isa = PBXNativeTarget;
			buildConfigurationList = A1619C7A2C24C5A2006B51AC /* Build configuration list for PBXNativeTarget "AlgorithmMonitorUITests" */;
			buildPhases = (
				A1619C662C24C5A2006B51AC /* Sources */,
				A1619C672C24C5A2006B51AC /* Frameworks */,
				A1619C682C24C5A2006B51AC /* Resources */,
			);
			buildRules = (
			);
			dependencies = (
				A1619C6C2C24C5A2006B51AC /* PBXTargetDependency */,
			);
			name = AlgorithmMonitorUITests;
			productName = AlgorithmMonitorUITests;
			productReference = A1619C6A2C24C5A2006B51AC /* AlgorithmMonitorUITests.xctest */;
			productType = "com.apple.product-type.bundle.ui-testing";
		};
/* End PBXNativeTarget section */

/* Begin PBXProject section */
		A1619C482C24C5A0006B51AC /* Project object */ = {
			isa = PBXProject;
			attributes = {
				BuildIndependentTargetsInParallel = 1;
				LastSwiftUpdateCheck = 1520;
				LastUpgradeCheck = 1520;
				TargetAttributes = {
					A1619C4F2C24C5A0006B51AC = {
						CreatedOnToolsVersion = 15.2;
					};
					A1619C5F2C24C5A2006B51AC = {
						CreatedOnToolsVersion = 15.2;
						TestTargetID = A1619C4F2C24C5A0006B51AC;
					};
					A1619C692C24C5A2006B51AC = {
						CreatedOnToolsVersion = 15.2;
						TestTargetID = A1619C4F2C24C5A0006B51AC;
					};
				};
			};
			buildConfigurationList = A1619C4B2C24C5A0006B51AC /* Build configuration list for PBXProject "AlgorithmMonitor" */;
			compatibilityVersion = "Xcode 14.0";
			developmentRegion = en;
			hasScannedForEncodings = 0;
			knownRegions = (
				en,
				Base,
			);
			mainGroup = A1619C472C24C5A0006B51AC;
			productRefGroup = A1619C512C24C5A0006B51AC /* Products */;
			projectDirPath = "";
			projectRoot = "";
			targets = (
				A1619C4F2C24C5A0006B51AC /* AlgorithmMonitor */,
				A1619C5F2C24C5A2006B51AC /* AlgorithmMonitorTests */,
				A1619C692C24C5A2006B51AC /* AlgorithmMonitorUITests */,
			);
		};
/* End PBXProject section */

/* Begin PBXResourcesBuildPhase section */
		A1619C4E2C24C5A0006B51AC /* Resources */ = {
			isa = PBXResourcesBuildPhase;
			buildActionMask = 2147483647;
			files = (
				A1619C5B2C24C5A2006B51AC /* Preview Assets.xcassets in Resources */,
				A1619C582C24C5A2006B51AC /* Assets.xcassets in Resources */,
			);
			runOnlyForDeploymentPostprocessing = 0;
		};
		A1619C5E2C24C5A2006B51AC /* Resources */ = {
			isa = PBXResourcesBuildPhase;
			buildActionMask = 2147483647;
			files = (
			);
			runOnlyForDeploymentPostprocessing = 0;
		};
		A1619C682C24C5A2006B51AC /* Resources */ = {
			isa = PBXResourcesBuildPhase;
			buildActionMask = 2147483647;
			files = (
			);
			runOnlyForDeploymentPostprocessing = 0;
		};
/* End PBXResourcesBuildPhase section */

/* Begin PBXSourcesBuildPhase section */
		A1619C4C2C24C5A0006B51AC /* Sources */ = {
			isa = PBXSourcesBuildPhase;
			buildActionMask = 2147483647;
			files = (
				A1619C912C2538E4006B51AC /* SortSettingsView.swift in Sources */,
				A1D311E62C29EBA000D8F7C9 /* SearchChartTabView.swift in Sources */,
				A1D311EE2C2ABF5C00D8F7C9 /* Searchable copy.swift in Sources */,
				A1619C952C2567F0006B51AC /* Sortable.swift in Sources */,
				A1D311EC2C2ABF0F00D8F7C9 /* SearchUpdate.swift in Sources */,
				A1D311DB2C29E2B300D8F7C9 /* SearchViewModel.swift in Sources */,
				A1D311F22C2AC00A00D8F7C9 /* SortHelpler.swift in Sources */,
				A1D311E12C29E33B00D8F7C9 /* LinearSearch.swift in Sources */,
				A1619C562C24C5A0006B51AC /* ContentView.swift in Sources */,
				A1D311EA2C2A4F1D00D8F7C9 /* SearchSettingsView.swift in Sources */,
				A1D311CF2C293B7C00D8F7C9 /* BubbleSort.swift in Sources */,
				A1619C822C24CB48006B51AC /* FlowLayout.swift in Sources */,
				A1619C882C252926006B51AC /* Rows.swift in Sources */,
				A1619C802C24C729006B51AC /* SortView.swift in Sources */,
				A1D311CC2C2924BE00D8F7C9 /* InsertionSort.swift in Sources */,
				A1D311CA2C28F70C00D8F7C9 /* SortChartTabView.swift in Sources */,
				A1619C542C24C5A0006B51AC /* AlgorithmMonitorApp.swift in Sources */,
				A1619C8A2C252A8D006B51AC /* Buttons.swift in Sources */,
				A1D311E32C29E38F00D8F7C9 /* BinarySearch.swift in Sources */,
				A1D311DD2C29E2CC00D8F7C9 /* SearchView.swift in Sources */,
				A1D311D82C29711100D8F7C9 /* SettingsRepository.swift in Sources */,
				A1D311F42C2B2A3000D8F7C9 /* QuickSort.swift in Sources */,
				A1D311D52C293E4B00D8F7C9 /* SelectionSort.swift in Sources */,
				A1D311F02C2AC00800D8F7C9 /* SortUpdate.swift in Sources */,
				A1D311DF2C29E31C00D8F7C9 /* SearchHelper.swift in Sources */,
				A1C10F332C261500004FE3F3 /* SortViewModel.swift in Sources */,
			);
			runOnlyForDeploymentPostprocessing = 0;
		};
		A1619C5C2C24C5A2006B51AC /* Sources */ = {
			isa = PBXSourcesBuildPhase;
			buildActionMask = 2147483647;
			files = (
				A1619C652C24C5A2006B51AC /* AlgorithmMonitorTests.swift in Sources */,
			);
			runOnlyForDeploymentPostprocessing = 0;
		};
		A1619C662C24C5A2006B51AC /* Sources */ = {
			isa = PBXSourcesBuildPhase;
			buildActionMask = 2147483647;
			files = (
				A1619C6F2C24C5A2006B51AC /* AlgorithmMonitorUITests.swift in Sources */,
				A1619C712C24C5A2006B51AC /* AlgorithmMonitorUITestsLaunchTests.swift in Sources */,
			);
			runOnlyForDeploymentPostprocessing = 0;
		};
/* End PBXSourcesBuildPhase section */

/* Begin PBXTargetDependency section */
		A1619C622C24C5A2006B51AC /* PBXTargetDependency */ = {
			isa = PBXTargetDependency;
			target = A1619C4F2C24C5A0006B51AC /* AlgorithmMonitor */;
			targetProxy = A1619C612C24C5A2006B51AC /* PBXContainerItemProxy */;
		};
		A1619C6C2C24C5A2006B51AC /* PBXTargetDependency */ = {
			isa = PBXTargetDependency;
			target = A1619C4F2C24C5A0006B51AC /* AlgorithmMonitor */;
			targetProxy = A1619C6B2C24C5A2006B51AC /* PBXContainerItemProxy */;
		};
/* End PBXTargetDependency section */

/* Begin XCBuildConfiguration section */
		A1619C722C24C5A2006B51AC /* Debug */ = {
			isa = XCBuildConfiguration;
			buildSettings = {
				ALWAYS_SEARCH_USER_PATHS = NO;
				ASSETCATALOG_COMPILER_GENERATE_SWIFT_ASSET_SYMBOL_EXTENSIONS = YES;
				CLANG_ANALYZER_NONNULL = YES;
				CLANG_ANALYZER_NUMBER_OBJECT_CONVERSION = YES_AGGRESSIVE;
				CLANG_CXX_LANGUAGE_STANDARD = "gnu++20";
				CLANG_ENABLE_MODULES = YES;
				CLANG_ENABLE_OBJC_ARC = YES;
				CLANG_ENABLE_OBJC_WEAK = YES;
				CLANG_WARN_BLOCK_CAPTURE_AUTORELEASING = YES;
				CLANG_WARN_BOOL_CONVERSION = YES;
				CLANG_WARN_COMMA = YES;
				CLANG_WARN_CONSTANT_CONVERSION = YES;
				CLANG_WARN_DEPRECATED_OBJC_IMPLEMENTATIONS = YES;
				CLANG_WARN_DIRECT_OBJC_ISA_USAGE = YES_ERROR;
				CLANG_WARN_DOCUMENTATION_COMMENTS = YES;
				CLANG_WARN_EMPTY_BODY = YES;
				CLANG_WARN_ENUM_CONVERSION = YES;
				CLANG_WARN_INFINITE_RECURSION = YES;
				CLANG_WARN_INT_CONVERSION = YES;
				CLANG_WARN_NON_LITERAL_NULL_CONVERSION = YES;
				CLANG_WARN_OBJC_IMPLICIT_RETAIN_SELF = YES;
				CLANG_WARN_OBJC_LITERAL_CONVERSION = YES;
				CLANG_WARN_OBJC_ROOT_CLASS = YES_ERROR;
				CLANG_WARN_QUOTED_INCLUDE_IN_FRAMEWORK_HEADER = YES;
				CLANG_WARN_RANGE_LOOP_ANALYSIS = YES;
				CLANG_WARN_STRICT_PROTOTYPES = YES;
				CLANG_WARN_SUSPICIOUS_MOVE = YES;
				CLANG_WARN_UNGUARDED_AVAILABILITY = YES_AGGRESSIVE;
				CLANG_WARN_UNREACHABLE_CODE = YES;
				CLANG_WARN__DUPLICATE_METHOD_MATCH = YES;
				COPY_PHASE_STRIP = NO;
				DEBUG_INFORMATION_FORMAT = dwarf;
				ENABLE_STRICT_OBJC_MSGSEND = YES;
				ENABLE_TESTABILITY = YES;
				ENABLE_USER_SCRIPT_SANDBOXING = YES;
				GCC_C_LANGUAGE_STANDARD = gnu17;
				GCC_DYNAMIC_NO_PIC = NO;
				GCC_NO_COMMON_BLOCKS = YES;
				GCC_OPTIMIZATION_LEVEL = 0;
				GCC_PREPROCESSOR_DEFINITIONS = (
					"DEBUG=1",
					"$(inherited)",
				);
				GCC_WARN_64_TO_32_BIT_CONVERSION = YES;
				GCC_WARN_ABOUT_RETURN_TYPE = YES_ERROR;
				GCC_WARN_UNDECLARED_SELECTOR = YES;
				GCC_WARN_UNINITIALIZED_AUTOS = YES_AGGRESSIVE;
				GCC_WARN_UNUSED_FUNCTION = YES;
				GCC_WARN_UNUSED_VARIABLE = YES;
				IPHONEOS_DEPLOYMENT_TARGET = 17.2;
				LOCALIZATION_PREFERS_STRING_CATALOGS = YES;
				MTL_ENABLE_DEBUG_INFO = INCLUDE_SOURCE;
				MTL_FAST_MATH = YES;
				ONLY_ACTIVE_ARCH = YES;
				SDKROOT = iphoneos;
				SWIFT_ACTIVE_COMPILATION_CONDITIONS = "DEBUG $(inherited)";
				SWIFT_OPTIMIZATION_LEVEL = "-Onone";
			};
			name = Debug;
		};
		A1619C732C24C5A2006B51AC /* Release */ = {
			isa = XCBuildConfiguration;
			buildSettings = {
				ALWAYS_SEARCH_USER_PATHS = NO;
				ASSETCATALOG_COMPILER_GENERATE_SWIFT_ASSET_SYMBOL_EXTENSIONS = YES;
				CLANG_ANALYZER_NONNULL = YES;
				CLANG_ANALYZER_NUMBER_OBJECT_CONVERSION = YES_AGGRESSIVE;
				CLANG_CXX_LANGUAGE_STANDARD = "gnu++20";
				CLANG_ENABLE_MODULES = YES;
				CLANG_ENABLE_OBJC_ARC = YES;
				CLANG_ENABLE_OBJC_WEAK = YES;
				CLANG_WARN_BLOCK_CAPTURE_AUTORELEASING = YES;
				CLANG_WARN_BOOL_CONVERSION = YES;
				CLANG_WARN_COMMA = YES;
				CLANG_WARN_CONSTANT_CONVERSION = YES;
				CLANG_WARN_DEPRECATED_OBJC_IMPLEMENTATIONS = YES;
				CLANG_WARN_DIRECT_OBJC_ISA_USAGE = YES_ERROR;
				CLANG_WARN_DOCUMENTATION_COMMENTS = YES;
				CLANG_WARN_EMPTY_BODY = YES;
				CLANG_WARN_ENUM_CONVERSION = YES;
				CLANG_WARN_INFINITE_RECURSION = YES;
				CLANG_WARN_INT_CONVERSION = YES;
				CLANG_WARN_NON_LITERAL_NULL_CONVERSION = YES;
				CLANG_WARN_OBJC_IMPLICIT_RETAIN_SELF = YES;
				CLANG_WARN_OBJC_LITERAL_CONVERSION = YES;
				CLANG_WARN_OBJC_ROOT_CLASS = YES_ERROR;
				CLANG_WARN_QUOTED_INCLUDE_IN_FRAMEWORK_HEADER = YES;
				CLANG_WARN_RANGE_LOOP_ANALYSIS = YES;
				CLANG_WARN_STRICT_PROTOTYPES = YES;
				CLANG_WARN_SUSPICIOUS_MOVE = YES;
				CLANG_WARN_UNGUARDED_AVAILABILITY = YES_AGGRESSIVE;
				CLANG_WARN_UNREACHABLE_CODE = YES;
				CLANG_WARN__DUPLICATE_METHOD_MATCH = YES;
				COPY_PHASE_STRIP = NO;
				DEBUG_INFORMATION_FORMAT = "dwarf-with-dsym";
				ENABLE_NS_ASSERTIONS = NO;
				ENABLE_STRICT_OBJC_MSGSEND = YES;
				ENABLE_USER_SCRIPT_SANDBOXING = YES;
				GCC_C_LANGUAGE_STANDARD = gnu17;
				GCC_NO_COMMON_BLOCKS = YES;
				GCC_WARN_64_TO_32_BIT_CONVERSION = YES;
				GCC_WARN_ABOUT_RETURN_TYPE = YES_ERROR;
				GCC_WARN_UNDECLARED_SELECTOR = YES;
				GCC_WARN_UNINITIALIZED_AUTOS = YES_AGGRESSIVE;
				GCC_WARN_UNUSED_FUNCTION = YES;
				GCC_WARN_UNUSED_VARIABLE = YES;
				IPHONEOS_DEPLOYMENT_TARGET = 17.2;
				LOCALIZATION_PREFERS_STRING_CATALOGS = YES;
				MTL_ENABLE_DEBUG_INFO = NO;
				MTL_FAST_MATH = YES;
				SDKROOT = iphoneos;
				SWIFT_COMPILATION_MODE = wholemodule;
				VALIDATE_PRODUCT = YES;
			};
			name = Release;
		};
		A1619C752C24C5A2006B51AC /* Debug */ = {
			isa = XCBuildConfiguration;
			buildSettings = {
				ASSETCATALOG_COMPILER_APPICON_NAME = AppIcon;
				ASSETCATALOG_COMPILER_GLOBAL_ACCENT_COLOR_NAME = AccentColor;
				CODE_SIGN_STYLE = Automatic;
				CURRENT_PROJECT_VERSION = 1;
				DEVELOPMENT_ASSET_PATHS = "\"AlgorithmMonitor/Preview Content\"";
				ENABLE_PREVIEWS = YES;
				GENERATE_INFOPLIST_FILE = YES;
				INFOPLIST_KEY_UIApplicationSceneManifest_Generation = YES;
				INFOPLIST_KEY_UIApplicationSupportsIndirectInputEvents = YES;
				INFOPLIST_KEY_UILaunchScreen_Generation = YES;
				INFOPLIST_KEY_UISupportedInterfaceOrientations_iPad = "UIInterfaceOrientationPortrait UIInterfaceOrientationPortraitUpsideDown UIInterfaceOrientationLandscapeLeft UIInterfaceOrientationLandscapeRight";
				INFOPLIST_KEY_UISupportedInterfaceOrientations_iPhone = "UIInterfaceOrientationPortrait UIInterfaceOrientationLandscapeLeft UIInterfaceOrientationLandscapeRight";
				LD_RUNPATH_SEARCH_PATHS = (
					"$(inherited)",
					"@executable_path/Frameworks",
				);
				MARKETING_VERSION = 1.0;
				PRODUCT_BUNDLE_IDENTIFIER = yordgenome.com.AlgorithmMonitor;
				PRODUCT_NAME = "$(TARGET_NAME)";
				SWIFT_EMIT_LOC_STRINGS = YES;
				SWIFT_VERSION = 5.0;
				TARGETED_DEVICE_FAMILY = "1,2";
			};
			name = Debug;
		};
		A1619C762C24C5A2006B51AC /* Release */ = {
			isa = XCBuildConfiguration;
			buildSettings = {
				ASSETCATALOG_COMPILER_APPICON_NAME = AppIcon;
				ASSETCATALOG_COMPILER_GLOBAL_ACCENT_COLOR_NAME = AccentColor;
				CODE_SIGN_STYLE = Automatic;
				CURRENT_PROJECT_VERSION = 1;
				DEVELOPMENT_ASSET_PATHS = "\"AlgorithmMonitor/Preview Content\"";
				ENABLE_PREVIEWS = YES;
				GENERATE_INFOPLIST_FILE = YES;
				INFOPLIST_KEY_UIApplicationSceneManifest_Generation = YES;
				INFOPLIST_KEY_UIApplicationSupportsIndirectInputEvents = YES;
				INFOPLIST_KEY_UILaunchScreen_Generation = YES;
				INFOPLIST_KEY_UISupportedInterfaceOrientations_iPad = "UIInterfaceOrientationPortrait UIInterfaceOrientationPortraitUpsideDown UIInterfaceOrientationLandscapeLeft UIInterfaceOrientationLandscapeRight";
				INFOPLIST_KEY_UISupportedInterfaceOrientations_iPhone = "UIInterfaceOrientationPortrait UIInterfaceOrientationLandscapeLeft UIInterfaceOrientationLandscapeRight";
				LD_RUNPATH_SEARCH_PATHS = (
					"$(inherited)",
					"@executable_path/Frameworks",
				);
				MARKETING_VERSION = 1.0;
				PRODUCT_BUNDLE_IDENTIFIER = yordgenome.com.AlgorithmMonitor;
				PRODUCT_NAME = "$(TARGET_NAME)";
				SWIFT_EMIT_LOC_STRINGS = YES;
				SWIFT_VERSION = 5.0;
				TARGETED_DEVICE_FAMILY = "1,2";
			};
			name = Release;
		};
		A1619C782C24C5A2006B51AC /* Debug */ = {
			isa = XCBuildConfiguration;
			buildSettings = {
				ALWAYS_EMBED_SWIFT_STANDARD_LIBRARIES = YES;
				BUNDLE_LOADER = "$(TEST_HOST)";
				CODE_SIGN_STYLE = Automatic;
				CURRENT_PROJECT_VERSION = 1;
				GENERATE_INFOPLIST_FILE = YES;
				IPHONEOS_DEPLOYMENT_TARGET = 17.2;
				MARKETING_VERSION = 1.0;
				PRODUCT_BUNDLE_IDENTIFIER = yordgenome.com.AlgorithmMonitorTests;
				PRODUCT_NAME = "$(TARGET_NAME)";
				SWIFT_EMIT_LOC_STRINGS = NO;
				SWIFT_VERSION = 5.0;
				TARGETED_DEVICE_FAMILY = "1,2";
				TEST_HOST = "$(BUILT_PRODUCTS_DIR)/AlgorithmMonitor.app/$(BUNDLE_EXECUTABLE_FOLDER_PATH)/AlgorithmMonitor";
			};
			name = Debug;
		};
		A1619C792C24C5A2006B51AC /* Release */ = {
			isa = XCBuildConfiguration;
			buildSettings = {
				ALWAYS_EMBED_SWIFT_STANDARD_LIBRARIES = YES;
				BUNDLE_LOADER = "$(TEST_HOST)";
				CODE_SIGN_STYLE = Automatic;
				CURRENT_PROJECT_VERSION = 1;
				GENERATE_INFOPLIST_FILE = YES;
				IPHONEOS_DEPLOYMENT_TARGET = 17.2;
				MARKETING_VERSION = 1.0;
				PRODUCT_BUNDLE_IDENTIFIER = yordgenome.com.AlgorithmMonitorTests;
				PRODUCT_NAME = "$(TARGET_NAME)";
				SWIFT_EMIT_LOC_STRINGS = NO;
				SWIFT_VERSION = 5.0;
				TARGETED_DEVICE_FAMILY = "1,2";
				TEST_HOST = "$(BUILT_PRODUCTS_DIR)/AlgorithmMonitor.app/$(BUNDLE_EXECUTABLE_FOLDER_PATH)/AlgorithmMonitor";
			};
			name = Release;
		};
		A1619C7B2C24C5A2006B51AC /* Debug */ = {
			isa = XCBuildConfiguration;
			buildSettings = {
				ALWAYS_EMBED_SWIFT_STANDARD_LIBRARIES = YES;
				CODE_SIGN_STYLE = Automatic;
				CURRENT_PROJECT_VERSION = 1;
				GENERATE_INFOPLIST_FILE = YES;
				MARKETING_VERSION = 1.0;
				PRODUCT_BUNDLE_IDENTIFIER = yordgenome.com.AlgorithmMonitorUITests;
				PRODUCT_NAME = "$(TARGET_NAME)";
				SWIFT_EMIT_LOC_STRINGS = NO;
				SWIFT_VERSION = 5.0;
				TARGETED_DEVICE_FAMILY = "1,2";
				TEST_TARGET_NAME = AlgorithmMonitor;
			};
			name = Debug;
		};
		A1619C7C2C24C5A2006B51AC /* Release */ = {
			isa = XCBuildConfiguration;
			buildSettings = {
				ALWAYS_EMBED_SWIFT_STANDARD_LIBRARIES = YES;
				CODE_SIGN_STYLE = Automatic;
				CURRENT_PROJECT_VERSION = 1;
				GENERATE_INFOPLIST_FILE = YES;
				MARKETING_VERSION = 1.0;
				PRODUCT_BUNDLE_IDENTIFIER = yordgenome.com.AlgorithmMonitorUITests;
				PRODUCT_NAME = "$(TARGET_NAME)";
				SWIFT_EMIT_LOC_STRINGS = NO;
				SWIFT_VERSION = 5.0;
				TARGETED_DEVICE_FAMILY = "1,2";
				TEST_TARGET_NAME = AlgorithmMonitor;
			};
			name = Release;
		};
/* End XCBuildConfiguration section */

/* Begin XCConfigurationList section */
		A1619C4B2C24C5A0006B51AC /* Build configuration list for PBXProject "AlgorithmMonitor" */ = {
			isa = XCConfigurationList;
			buildConfigurations = (
				A1619C722C24C5A2006B51AC /* Debug */,
				A1619C732C24C5A2006B51AC /* Release */,
			);
			defaultConfigurationIsVisible = 0;
			defaultConfigurationName = Release;
		};
		A1619C742C24C5A2006B51AC /* Build configuration list for PBXNativeTarget "AlgorithmMonitor" */ = {
			isa = XCConfigurationList;
			buildConfigurations = (
				A1619C752C24C5A2006B51AC /* Debug */,
				A1619C762C24C5A2006B51AC /* Release */,
			);
			defaultConfigurationIsVisible = 0;
			defaultConfigurationName = Release;
		};
		A1619C772C24C5A2006B51AC /* Build configuration list for PBXNativeTarget "AlgorithmMonitorTests" */ = {
			isa = XCConfigurationList;
			buildConfigurations = (
				A1619C782C24C5A2006B51AC /* Debug */,
				A1619C792C24C5A2006B51AC /* Release */,
			);
			defaultConfigurationIsVisible = 0;
			defaultConfigurationName = Release;
		};
		A1619C7A2C24C5A2006B51AC /* Build configuration list for PBXNativeTarget "AlgorithmMonitorUITests" */ = {
			isa = XCConfigurationList;
			buildConfigurations = (
				A1619C7B2C24C5A2006B51AC /* Debug */,
				A1619C7C2C24C5A2006B51AC /* Release */,
			);
			defaultConfigurationIsVisible = 0;
			defaultConfigurationName = Release;
		};
/* End XCConfigurationList section */
	};
	rootObject = A1619C482C24C5A0006B51AC /* Project object */;
}
